
Microsoft Visual Studio Solution File, Format Version 12.00
# Visual Studio 14
VisualStudioVersion = 14.0.23107.0
MinimumVisualStudioVersion = 10.0.40219.1
Project("{FAE04EC0-301F-11D3-BF4B-00C04F79EFBC}") = "BaudMeterAgent", "NetPingAgent\BaudMeterAgent.csproj", "{D8E95673-FBDC-44A4-AC4E-260D057314CC}"
	ProjectSection(ProjectDependencies) = postProject
		{EA3A9912-87ED-4A71-A13C-4B4CCACF1352} = {EA3A9912-87ED-4A71-A13C-4B4CCACF1352}
	EndProjectSection
EndProject
Project("{E24C65DC-7377-472B-9ABA-BC803B73C61A}") = "BaudMeterSite", "BaudMeterSite\", "{EA3A9912-87ED-4A71-A13C-4B4CCACF1352}"
	ProjectSection(WebsiteProperties) = preProject
		TargetFrameworkMoniker = ".NETFramework,Version%3Dv4.6"
		ProjectReferences = ""
		Debug.AspNetCompiler.VirtualPath = "/localhost_32505"
		Debug.AspNetCompiler.PhysicalPath = "BaudMeterSite\"
		Debug.AspNetCompiler.TargetPath = "PrecompiledWeb\localhost_32505\"
		Debug.AspNetCompiler.Updateable = "true"
		Debug.AspNetCompiler.ForceOverwrite = "true"
		Debug.AspNetCompiler.FixedNames = "false"
		Debug.AspNetCompiler.Debug = "True"
		Release.AspNetCompiler.VirtualPath = "/localhost_32505"
		Release.AspNetCompiler.PhysicalPath = "BaudMeterSite\"
		Release.AspNetCompiler.TargetPath = "PrecompiledWeb\localhost_32505\"
		Release.AspNetCompiler.Updateable = "true"
		Release.AspNetCompiler.ForceOverwrite = "true"
		Release.AspNetCompiler.FixedNames = "false"
		Release.AspNetCompiler.Debug = "False"
		VWDPort = "32505"
		SlnRelativePath = "BaudMeterSite\"
		DefaultWebSiteLanguage = "Visual C#"
	EndProjectSection
EndProject
Global
	GlobalSection(SolutionConfigurationPlatforms) = preSolution
		CD_ROM|Any CPU = CD_ROM|Any CPU
		Debug|Any CPU = Debug|Any CPU
		DVD-5|Any CPU = DVD-5|Any CPU
		Release|Any CPU = Release|Any CPU
		SingleImage|Any CPU = SingleImage|Any CPU
	EndGlobalSection
	GlobalSection(ProjectConfigurationPlatforms) = postSolution
		{D8E95673-FBDC-44A4-AC4E-260D057314CC}.CD_ROM|Any CPU.ActiveCfg = Release|Any CPU
		{D8E95673-FBDC-44A4-AC4E-260D057314CC}.CD_ROM|Any CPU.Build.0 = Release|Any CPU
		{D8E95673-FBDC-44A4-AC4E-260D057314CC}.Debug|Any CPU.ActiveCfg = Debug|Any CPU
		{D8E95673-FBDC-44A4-AC4E-260D057314CC}.Debug|Any CPU.Build.0 = Debug|Any CPU
		{D8E95673-FBDC-44A4-AC4E-260D057314CC}.DVD-5|Any CPU.ActiveCfg = Debug|Any CPU
		{D8E95673-FBDC-44A4-AC4E-260D057314CC}.DVD-5|Any CPU.Build.0 = Debug|Any CPU
		{D8E95673-FBDC-44A4-AC4E-260D057314CC}.Release|Any CPU.ActiveCfg = Release|Any CPU
		{D8E95673-FBDC-44A4-AC4E-260D057314CC}.Release|Any CPU.Build.0 = Release|Any CPU
		{D8E95673-FBDC-44A4-AC4E-260D057314CC}.SingleImage|Any CPU.ActiveCfg = Release|Any CPU
		{D8E95673-FBDC-44A4-AC4E-260D057314CC}.SingleImage|Any CPU.Build.0 = Release|Any CPU
		{EA3A9912-87ED-4A71-A13C-4B4CCACF1352}.CD_ROM|Any CPU.ActiveCfg = Debug|Any CPU
		{EA3A9912-87ED-4A71-A13C-4B4CCACF1352}.CD_ROM|Any CPU.Build.0 = Debug|Any CPU
		{EA3A9912-87ED-4A71-A13C-4B4CCACF1352}.Debug|Any CPU.ActiveCfg = Debug|Any CPU
		{EA3A9912-87ED-4A71-A13C-4B4CCACF1352}.Debug|Any CPU.Build.0 = Debug|Any CPU
		{EA3A9912-87ED-4A71-A13C-4B4CCACF1352}.DVD-5|Any CPU.ActiveCfg = Debug|Any CPU
		{EA3A9912-87ED-4A71-A13C-4B4CCACF1352}.DVD-5|Any CPU.Build.0 = Debug|Any CPU
		{EA3A9912-87ED-4A71-A13C-4B4CCACF1352}.Release|Any CPU.ActiveCfg = Debug|Any CPU
		{EA3A9912-87ED-4A71-A13C-4B4CCACF1352}.Release|Any CPU.Build.0 = Debug|Any CPU
		{EA3A9912-87ED-4A71-A13C-4B4CCACF1352}.SingleImage|Any CPU.ActiveCfg = Debug|Any CPU
		{EA3A9912-87ED-4A71-A13C-4B4CCACF1352}.SingleImage|Any CPU.Build.0 = Debug|Any CPU
	EndGlobalSection
	GlobalSection(SolutionProperties) = preSolution
		HideSolutionNode = FALSE
	EndGlobalSection
EndGlobal
